
Microsoft Visual Studio Solution File, Format Version 12.00
# Visual Studio 15
VisualStudioVersion = 15.0.26430.15
MinimumVisualStudioVersion = 10.0.40219.1
Project("{2150E333-8FDC-42A3-9474-1A3956D46DE8}") = "WorkShops", "WorkShops", "{6E1A6ACA-FDB0-4087-B209-1929B39E9DD5}"
EndProject
Project("{2150E333-8FDC-42A3-9474-1A3956D46DE8}") = "Week1", "Week1", "{B5E15E6A-DEAE-4C93-8C7F-D0DA20211756}"
EndProject
Project("{2150E333-8FDC-42A3-9474-1A3956D46DE8}") = "Week2", "Week2", "{04F3236D-32BF-4FCD-9A74-4A7AEB79CB2C}"
EndProject
Project("{2150E333-8FDC-42A3-9474-1A3956D46DE8}") = "Week3", "Week3", "{E33BB7AF-D380-4DDF-9321-A961C8348748}"
EndProject
Project("{8BC9CEB8-8B4A-11D0-8D11-00A0C91BC942}") = "Recap on Object Oriented Programming", "Work Shops\Week 01\Recap on Object Oriented Programming\Recap on Object Oriented Programming\Recap on Object Oriented Programming.vcxproj", "{951B3B21-7AF7-432D-ADF3-A16BC8C625E0}"
EndProject
Project("{8BC9CEB8-8B4A-11D0-8D11-00A0C91BC942}") = "SFML_4109COMP_Week_01", "Work Shops\Week 01\SFML_4109COMP_Week01\SFML_4109COMP_Week_01\SFML_4109COMP_Week_01.vcxproj", "{39B0F5EC-E658-4BBA-8FE6-2AD660BF8A64}"
EndProject
Project("{8BC9CEB8-8B4A-11D0-8D11-00A0C91BC942}") = "SFML_Template", "Work Shops\Week 01\SFML_Template\SFML_Template\SFML_Template.vcxproj", "{AE2993AA-1972-45B4-A366-8DC268E7020F}"
EndProject
Project("{8BC9CEB8-8B4A-11D0-8D11-00A0C91BC942}") = "SFML_4109COMP_Week_02", "Work Shops\week 2\SFML_4109COMP_Week02\SFML_4109COMP_Week_02\SFML_4109COMP_Week_02.vcxproj", "{E534D7BD-2664-41E5-BD49-2F82D981C6AD}"
EndProject
Project("{2150E333-8FDC-42A3-9474-1A3956D46DE8}") = "Coursework", "Coursework", "{7FD422D3-7A5D-4060-99EE-CC5B128B6C18}"
	ProjectSection(SolutionItems) = preProject
		Coursework\4109COMP Normal Assignment.pdf = Coursework\4109COMP Normal Assignment.pdf
	EndProjectSection
EndProject
Project("{8BC9CEB8-8B4A-11D0-8D11-00A0C91BC942}") = "2D Computer Graphics Assignment", "Coursework\2D Computer Graphics Assignment\2D Computer Graphics Assignment.vcxproj", "{C38E3EB0-F7D1-4D21-B7A0-2EF3FBFB5361}"
EndProject
Project("{8BC9CEB8-8B4A-11D0-8D11-00A0C91BC942}") = "SFML_4109COMP_Week_03", "Work Shops\week3\SFML_4109COMP_Week03\SFML_4109COMP_Week_03\SFML_4109COMP_Week_03.vcxproj", "{7ABA3C8E-A0AA-4496-B60B-1F7374BB42FA}"
EndProject
Project("{2150E333-8FDC-42A3-9474-1A3956D46DE8}") = "Solution Items", "Solution Items", "{757A5967-CD72-4938-92F2-51557A5D79E5}"
	ProjectSection(SolutionItems) = preProject
		where am i.txt = where am i.txt
	EndProjectSection
EndProject
Global
	GlobalSection(SolutionConfigurationPlatforms) = preSolution
		Debug|x64 = Debug|x64
		Debug|x86 = Debug|x86
		Release|x64 = Release|x64
		Release|x86 = Release|x86
	EndGlobalSection
	GlobalSection(ProjectConfigurationPlatforms) = postSolution
		{951B3B21-7AF7-432D-ADF3-A16BC8C625E0}.Debug|x64.ActiveCfg = Debug|x64
		{951B3B21-7AF7-432D-ADF3-A16BC8C625E0}.Debug|x64.Build.0 = Debug|x64
		{951B3B21-7AF7-432D-ADF3-A16BC8C625E0}.Debug|x86.ActiveCfg = Debug|Win32
		{951B3B21-7AF7-432D-ADF3-A16BC8C625E0}.Debug|x86.Build.0 = Debug|Win32
		{951B3B21-7AF7-432D-ADF3-A16BC8C625E0}.Release|x64.ActiveCfg = Release|x64
		{951B3B21-7AF7-432D-ADF3-A16BC8C625E0}.Release|x64.Build.0 = Release|x64
		{951B3B21-7AF7-432D-ADF3-A16BC8C625E0}.Release|x86.ActiveCfg = Release|Win32
		{951B3B21-7AF7-432D-ADF3-A16BC8C625E0}.Release|x86.Build.0 = Release|Win32
		{39B0F5EC-E658-4BBA-8FE6-2AD660BF8A64}.Debug|x64.ActiveCfg = Debug|x64
		{39B0F5EC-E658-4BBA-8FE6-2AD660BF8A64}.Debug|x64.Build.0 = Debug|x64
		{39B0F5EC-E658-4BBA-8FE6-2AD660BF8A64}.Debug|x86.ActiveCfg = Debug|Win32
		{39B0F5EC-E658-4BBA-8FE6-2AD660BF8A64}.Debug|x86.Build.0 = Debug|Win32
		{39B0F5EC-E658-4BBA-8FE6-2AD660BF8A64}.Release|x64.ActiveCfg = Release|x64
		{39B0F5EC-E658-4BBA-8FE6-2AD660BF8A64}.Release|x64.Build.0 = Release|x64
		{39B0F5EC-E658-4BBA-8FE6-2AD660BF8A64}.Release|x86.ActiveCfg = Release|Win32
		{39B0F5EC-E658-4BBA-8FE6-2AD660BF8A64}.Release|x86.Build.0 = Release|Win32
		{AE2993AA-1972-45B4-A366-8DC268E7020F}.Debug|x64.ActiveCfg = Debug|x64
		{AE2993AA-1972-45B4-A366-8DC268E7020F}.Debug|x64.Build.0 = Debug|x64
		{AE2993AA-1972-45B4-A366-8DC268E7020F}.Debug|x86.ActiveCfg = Debug|Win32
		{AE2993AA-1972-45B4-A366-8DC268E7020F}.Debug|x86.Build.0 = Debug|Win32
		{AE2993AA-1972-45B4-A366-8DC268E7020F}.Release|x64.ActiveCfg = Release|x64
		{AE2993AA-1972-45B4-A366-8DC268E7020F}.Release|x64.Build.0 = Release|x64
		{AE2993AA-1972-45B4-A366-8DC268E7020F}.Release|x86.ActiveCfg = Release|Win32
		{AE2993AA-1972-45B4-A366-8DC268E7020F}.Release|x86.Build.0 = Release|Win32
		{E534D7BD-2664-41E5-BD49-2F82D981C6AD}.Debug|x64.ActiveCfg = Debug|x64
		{E534D7BD-2664-41E5-BD49-2F82D981C6AD}.Debug|x64.Build.0 = Debug|x64
		{E534D7BD-2664-41E5-BD49-2F82D981C6AD}.Debug|x86.ActiveCfg = Debug|Win32
		{E534D7BD-2664-41E5-BD49-2F82D981C6AD}.Debug|x86.Build.0 = Debug|Win32
		{E534D7BD-2664-41E5-BD49-2F82D981C6AD}.Release|x64.ActiveCfg = Release|x64
		{E534D7BD-2664-41E5-BD49-2F82D981C6AD}.Release|x64.Build.0 = Release|x64
		{E534D7BD-2664-41E5-BD49-2F82D981C6AD}.Release|x86.ActiveCfg = Release|Win32
		{E534D7BD-2664-41E5-BD49-2F82D981C6AD}.Release|x86.Build.0 = Release|Win32
		{C38E3EB0-F7D1-4D21-B7A0-2EF3FBFB5361}.Debug|x64.ActiveCfg = Debug|x64
		{C38E3EB0-F7D1-4D21-B7A0-2EF3FBFB5361}.Debug|x64.Build.0 = Debug|x64
		{C38E3EB0-F7D1-4D21-B7A0-2EF3FBFB5361}.Debug|x86.ActiveCfg = Debug|Win32
		{C38E3EB0-F7D1-4D21-B7A0-2EF3FBFB5361}.Debug|x86.Build.0 = Debug|Win32
		{C38E3EB0-F7D1-4D21-B7A0-2EF3FBFB5361}.Release|x64.ActiveCfg = Release|x64
		{C38E3EB0-F7D1-4D21-B7A0-2EF3FBFB5361}.Release|x64.Build.0 = Release|x64
		{C38E3EB0-F7D1-4D21-B7A0-2EF3FBFB5361}.Release|x86.ActiveCfg = Release|Win32
		{C38E3EB0-F7D1-4D21-B7A0-2EF3FBFB5361}.Release|x86.Build.0 = Release|Win32
		{7ABA3C8E-A0AA-4496-B60B-1F7374BB42FA}.Debug|x64.ActiveCfg = Debug|x64
		{7ABA3C8E-A0AA-4496-B60B-1F7374BB42FA}.Debug|x64.Build.0 = Debug|x64
		{7ABA3C8E-A0AA-4496-B60B-1F7374BB42FA}.Debug|x64.Deploy.0 = Debug|x64
		{7ABA3C8E-A0AA-4496-B60B-1F7374BB42FA}.Debug|x86.ActiveCfg = Debug|Win32
		{7ABA3C8E-A0AA-4496-B60B-1F7374BB42FA}.Debug|x86.Build.0 = Debug|Win32
		{7ABA3C8E-A0AA-4496-B60B-1F7374BB42FA}.Debug|x86.Deploy.0 = Debug|Win32
		{7ABA3C8E-A0AA-4496-B60B-1F7374BB42FA}.Release|x64.ActiveCfg = Release|x64
		{7ABA3C8E-A0AA-4496-B60B-1F7374BB42FA}.Release|x64.Build.0 = Release|x64
		{7ABA3C8E-A0AA-4496-B60B-1F7374BB42FA}.Release|x64.Deploy.0 = Release|x64
		{7ABA3C8E-A0AA-4496-B60B-1F7374BB42FA}.Release|x86.ActiveCfg = Release|Win32
		{7ABA3C8E-A0AA-4496-B60B-1F7374BB42FA}.Release|x86.Build.0 = Release|Win32
		{7ABA3C8E-A0AA-4496-B60B-1F7374BB42FA}.Release|x86.Deploy.0 = Release|Win32
	EndGlobalSection
	GlobalSection(SolutionProperties) = preSolution
		HideSolutionNode = FALSE
	EndGlobalSection
	GlobalSection(NestedProjects) = preSolution
		{B5E15E6A-DEAE-4C93-8C7F-D0DA20211756} = {6E1A6ACA-FDB0-4087-B209-1929B39E9DD5}
		{04F3236D-32BF-4FCD-9A74-4A7AEB79CB2C} = {6E1A6ACA-FDB0-4087-B209-1929B39E9DD5}
		{E33BB7AF-D380-4DDF-9321-A961C8348748} = {6E1A6ACA-FDB0-4087-B209-1929B39E9DD5}
		{951B3B21-7AF7-432D-ADF3-A16BC8C625E0} = {B5E15E6A-DEAE-4C93-8C7F-D0DA20211756}
		{39B0F5EC-E658-4BBA-8FE6-2AD660BF8A64} = {B5E15E6A-DEAE-4C93-8C7F-D0DA20211756}
		{AE2993AA-1972-45B4-A366-8DC268E7020F} = {B5E15E6A-DEAE-4C93-8C7F-D0DA20211756}
		{E534D7BD-2664-41E5-BD49-2F82D981C6AD} = {04F3236D-32BF-4FCD-9A74-4A7AEB79CB2C}
		{C38E3EB0-F7D1-4D21-B7A0-2EF3FBFB5361} = {7FD422D3-7A5D-4060-99EE-CC5B128B6C18}
		{7ABA3C8E-A0AA-4496-B60B-1F7374BB42FA} = {E33BB7AF-D380-4DDF-9321-A961C8348748}
	EndGlobalSection
EndGlobal
